// !$*UTF8*$!
{
	archiveVersion = 1;
	classes = {
	};
	objectVersion = 52;
	objects = {

/* Begin PBXBuildFile section */
		6D1766A723C754A700AFE933 /* AppDelegate.swift in Sources */ = {isa = PBXBuildFile; fileRef = 6D1766A623C754A700AFE933 /* AppDelegate.swift */; };
		6D1766A923C754A700AFE933 /* SceneDelegate.swift in Sources */ = {isa = PBXBuildFile; fileRef = 6D1766A823C754A700AFE933 /* SceneDelegate.swift */; };
		6D1766AE23C754A700AFE933 /* Main.storyboard in Resources */ = {isa = PBXBuildFile; fileRef = 6D1766AC23C754A700AFE933 /* Main.storyboard */; };
		6D1766B023C754B000AFE933 /* Assets.xcassets in Resources */ = {isa = PBXBuildFile; fileRef = 6D1766AF23C754B000AFE933 /* Assets.xcassets */; };
		6D1766B323C754B000AFE933 /* LaunchScreen.storyboard in Resources */ = {isa = PBXBuildFile; fileRef = 6D1766B123C754B000AFE933 /* LaunchScreen.storyboard */; };
		6D1766BD23C7555000AFE933 /* BlogDetailScreen.swift in Sources */ = {isa = PBXBuildFile; fileRef = 6D1766BC23C7555000AFE933 /* BlogDetailScreen.swift */; };
		6D1766BF23C7556900AFE933 /* BlogsScreen.swift in Sources */ = {isa = PBXBuildFile; fileRef = 6D1766BE23C7556900AFE933 /* BlogsScreen.swift */; };
		6D1766C423C755D500AFE933 /* BlogModel.swift in Sources */ = {isa = PBXBuildFile; fileRef = 6D1766C323C755D500AFE933 /* BlogModel.swift */; };
		6D1766C723C75B1200AFE933 /* BlogsCell.swift in Sources */ = {isa = PBXBuildFile; fileRef = 6D1766C623C75B1200AFE933 /* BlogsCell.swift */; };
		6D1766C923C75C2900AFE933 /* API.swift in Sources */ = {isa = PBXBuildFile; fileRef = 6D1766C823C75C2900AFE933 /* API.swift */; };
		6D1766CC23C75FE700AFE933 /* Date+Extension.swift in Sources */ = {isa = PBXBuildFile; fileRef = 6D1766CB23C75FE700AFE933 /* Date+Extension.swift */; };
		6D1766CF23C76EC400AFE933 /* MBProgressHUD in Frameworks */ = {isa = PBXBuildFile; productRef = 6D1766CE23C76EC400AFE933 /* MBProgressHUD */; };
		6D1766D223C76FD900AFE933 /* SDWebImage in Frameworks */ = {isa = PBXBuildFile; productRef = 6D1766D123C76FD900AFE933 /* SDWebImage */; };
		6D1766D423C7783A00AFE933 /* String+Extension.swift in Sources */ = {isa = PBXBuildFile; fileRef = 6D1766D323C7783A00AFE933 /* String+Extension.swift */; };
		6D68934E23C88E5100EAD47C /* AuthorModel.swift in Sources */ = {isa = PBXBuildFile; fileRef = 6D68934D23C88E5100EAD47C /* AuthorModel.swift */; };
		6D68935023C8918A00EAD47C /* UILabel+Extension.swift in Sources */ = {isa = PBXBuildFile; fileRef = 6D68934F23C8918A00EAD47C /* UILabel+Extension.swift */; };
/* End PBXBuildFile section */

/* Begin PBXFileReference section */
		6D1766A323C754A700AFE933 /* Hackaday_App.app */ = {isa = PBXFileReference; explicitFileType = wrapper.application; includeInIndex = 0; path = Hackaday_App.app; sourceTree = BUILT_PRODUCTS_DIR; };
		6D1766A623C754A700AFE933 /* AppDelegate.swift */ = {isa = PBXFileReference; lastKnownFileType = sourcecode.swift; path = AppDelegate.swift; sourceTree = "<group>"; };
		6D1766A823C754A700AFE933 /* SceneDelegate.swift */ = {isa = PBXFileReference; lastKnownFileType = sourcecode.swift; path = SceneDelegate.swift; sourceTree = "<group>"; };
		6D1766AD23C754A700AFE933 /* Base */ = {isa = PBXFileReference; lastKnownFileType = file.storyboard; name = Base; path = Base.lproj/Main.storyboard; sourceTree = "<group>"; };
		6D1766AF23C754B000AFE933 /* Assets.xcassets */ = {isa = PBXFileReference; lastKnownFileType = folder.assetcatalog; path = Assets.xcassets; sourceTree = "<group>"; };
		6D1766B223C754B000AFE933 /* Base */ = {isa = PBXFileReference; lastKnownFileType = file.storyboard; name = Base; path = Base.lproj/LaunchScreen.storyboard; sourceTree = "<group>"; };
		6D1766B423C754B000AFE933 /* Info.plist */ = {isa = PBXFileReference; lastKnownFileType = text.plist.xml; path = Info.plist; sourceTree = "<group>"; };
		6D1766BC23C7555000AFE933 /* BlogDetailScreen.swift */ = {isa = PBXFileReference; lastKnownFileType = sourcecode.swift; path = BlogDetailScreen.swift; sourceTree = "<group>"; };
		6D1766BE23C7556900AFE933 /* BlogsScreen.swift */ = {isa = PBXFileReference; lastKnownFileType = sourcecode.swift; path = BlogsScreen.swift; sourceTree = "<group>"; };
		6D1766C323C755D500AFE933 /* BlogModel.swift */ = {isa = PBXFileReference; lastKnownFileType = sourcecode.swift; path = BlogModel.swift; sourceTree = "<group>"; };
		6D1766C623C75B1200AFE933 /* BlogsCell.swift */ = {isa = PBXFileReference; lastKnownFileType = sourcecode.swift; path = BlogsCell.swift; sourceTree = "<group>"; };
		6D1766C823C75C2900AFE933 /* API.swift */ = {isa = PBXFileReference; lastKnownFileType = sourcecode.swift; path = API.swift; sourceTree = "<group>"; };
		6D1766CB23C75FE700AFE933 /* Date+Extension.swift */ = {isa = PBXFileReference; lastKnownFileType = sourcecode.swift; path = "Date+Extension.swift"; sourceTree = "<group>"; };
		6D1766D323C7783A00AFE933 /* String+Extension.swift */ = {isa = PBXFileReference; lastKnownFileType = sourcecode.swift; path = "String+Extension.swift"; sourceTree = "<group>"; };
		6D68934D23C88E5100EAD47C /* AuthorModel.swift */ = {isa = PBXFileReference; lastKnownFileType = sourcecode.swift; path = AuthorModel.swift; sourceTree = "<group>"; };
		6D68934F23C8918A00EAD47C /* UILabel+Extension.swift */ = {isa = PBXFileReference; lastKnownFileType = sourcecode.swift; path = "UILabel+Extension.swift"; sourceTree = "<group>"; };
/* End PBXFileReference section */

/* Begin PBXFrameworksBuildPhase section */
		6D1766A023C754A700AFE933 /* Frameworks */ = {
			isa = PBXFrameworksBuildPhase;
			buildActionMask = 2147483647;
			files = (
				6D1766D223C76FD900AFE933 /* SDWebImage in Frameworks */,
				6D1766CF23C76EC400AFE933 /* MBProgressHUD in Frameworks */,
			);
			runOnlyForDeploymentPostprocessing = 0;
		};
/* End PBXFrameworksBuildPhase section */

/* Begin PBXGroup section */
		6D17669A23C754A700AFE933 = {
			isa = PBXGroup;
			children = (
				6D1766A523C754A700AFE933 /* Hackaday_App */,
				6D1766A423C754A700AFE933 /* Products */,
			);
			sourceTree = "<group>";
		};
		6D1766A423C754A700AFE933 /* Products */ = {
			isa = PBXGroup;
			children = (
				6D1766A323C754A700AFE933 /* Hackaday_App.app */,
			);
			name = Products;
			sourceTree = "<group>";
		};
		6D1766A523C754A700AFE933 /* Hackaday_App */ = {
			isa = PBXGroup;
			children = (
				6D1766BA23C754B700AFE933 /* Framework */,
				6D1766BB23C754BD00AFE933 /* Screens */,
				6D1766A623C754A700AFE933 /* AppDelegate.swift */,
				6D1766A823C754A700AFE933 /* SceneDelegate.swift */,
				6D1766AC23C754A700AFE933 /* Main.storyboard */,
				6D1766AF23C754B000AFE933 /* Assets.xcassets */,
				6D1766B123C754B000AFE933 /* LaunchScreen.storyboard */,
				6D1766B423C754B000AFE933 /* Info.plist */,
			);
			path = Hackaday_App;
			sourceTree = "<group>";
		};
		6D1766BA23C754B700AFE933 /* Framework */ = {
			isa = PBXGroup;
			children = (
				6D1766C823C75C2900AFE933 /* API.swift */,
				6D1766CA23C75E1100AFE933 /* Extensions */,
				6D1766C223C755BE00AFE933 /* Models */,
			);
			path = Framework;
			sourceTree = "<group>";
		};
		6D1766BB23C754BD00AFE933 /* Screens */ = {
			isa = PBXGroup;
			children = (
				6D1766C523C75AF900AFE933 /* Cells */,
				6D1766BE23C7556900AFE933 /* BlogsScreen.swift */,
				6D1766BC23C7555000AFE933 /* BlogDetailScreen.swift */,
			);
			path = Screens;
			sourceTree = "<group>";
		};
		6D1766C223C755BE00AFE933 /* Models */ = {
			isa = PBXGroup;
			children = (
				6D1766C323C755D500AFE933 /* BlogModel.swift */,
				6D68934D23C88E5100EAD47C /* AuthorModel.swift */,
			);
			path = Models;
			sourceTree = "<group>";
		};
		6D1766C523C75AF900AFE933 /* Cells */ = {
			isa = PBXGroup;
			children = (
				6D1766C623C75B1200AFE933 /* BlogsCell.swift */,
			);
			path = Cells;
			sourceTree = "<group>";
		};
		6D1766CA23C75E1100AFE933 /* Extensions */ = {
			isa = PBXGroup;
			children = (
				6D1766CB23C75FE700AFE933 /* Date+Extension.swift */,
				6D1766D323C7783A00AFE933 /* String+Extension.swift */,
				6D68934F23C8918A00EAD47C /* UILabel+Extension.swift */,
			);
			path = Extensions;
			sourceTree = "<group>";
		};
/* End PBXGroup section */

/* Begin PBXNativeTarget section */
		6D1766A223C754A700AFE933 /* Hackaday_App */ = {
			isa = PBXNativeTarget;
			buildConfigurationList = 6D1766B723C754B000AFE933 /* Build configuration list for PBXNativeTarget "Hackaday_App" */;
			buildPhases = (
				6D17669F23C754A700AFE933 /* Sources */,
				6D1766A023C754A700AFE933 /* Frameworks */,
				6D1766A123C754A700AFE933 /* Resources */,
			);
			buildRules = (
			);
			dependencies = (
			);
			name = Hackaday_App;
			packageProductDependencies = (
				6D1766CE23C76EC400AFE933 /* MBProgressHUD */,
				6D1766D123C76FD900AFE933 /* SDWebImage */,
			);
			productName = Hackaday_App;
			productReference = 6D1766A323C754A700AFE933 /* Hackaday_App.app */;
			productType = "com.apple.product-type.application";
		};
/* End PBXNativeTarget section */

/* Begin PBXProject section */
		6D17669B23C754A700AFE933 /* Project object */ = {
			isa = PBXProject;
			attributes = {
				LastSwiftUpdateCheck = 1130;
				LastUpgradeCheck = 1130;
				ORGANIZATIONNAME = "Bosko Petreski";
				TargetAttributes = {
					6D1766A223C754A700AFE933 = {
						CreatedOnToolsVersion = 11.3;
					};
				};
			};
			buildConfigurationList = 6D17669E23C754A700AFE933 /* Build configuration list for PBXProject "Hackaday_App" */;
			compatibilityVersion = "Xcode 9.3";
			developmentRegion = en;
			hasScannedForEncodings = 0;
			knownRegions = (
				en,
				Base,
			);
			mainGroup = 6D17669A23C754A700AFE933;
			packageReferences = (
				6D1766CD23C76EC400AFE933 /* XCRemoteSwiftPackageReference "MBProgressHUD" */,
				6D1766D023C76FD900AFE933 /* XCRemoteSwiftPackageReference "SDWebImage" */,
			);
			productRefGroup = 6D1766A423C754A700AFE933 /* Products */;
			projectDirPath = "";
			projectRoot = "";
			targets = (
				6D1766A223C754A700AFE933 /* Hackaday_App */,
			);
		};
/* End PBXProject section */

/* Begin PBXResourcesBuildPhase section */
		6D1766A123C754A700AFE933 /* Resources */ = {
			isa = PBXResourcesBuildPhase;
			buildActionMask = 2147483647;
			files = (
				6D1766B323C754B000AFE933 /* LaunchScreen.storyboard in Resources */,
				6D1766B023C754B000AFE933 /* Assets.xcassets in Resources */,
				6D1766AE23C754A700AFE933 /* Main.storyboard in Resources */,
			);
			runOnlyForDeploymentPostprocessing = 0;
		};
/* End PBXResourcesBuildPhase section */

/* Begin PBXSourcesBuildPhase section */
		6D17669F23C754A700AFE933 /* Sources */ = {
			isa = PBXSourcesBuildPhase;
			buildActionMask = 2147483647;
			files = (
				6D68935023C8918A00EAD47C /* UILabel+Extension.swift in Sources */,
				6D1766C723C75B1200AFE933 /* BlogsCell.swift in Sources */,
				6D1766C423C755D500AFE933 /* BlogModel.swift in Sources */,
				6D1766A723C754A700AFE933 /* AppDelegate.swift in Sources */,
				6D1766BD23C7555000AFE933 /* BlogDetailScreen.swift in Sources */,
				6D1766A923C754A700AFE933 /* SceneDelegate.swift in Sources */,
				6D1766C923C75C2900AFE933 /* API.swift in Sources */,
				6D68934E23C88E5100EAD47C /* AuthorModel.swift in Sources */,
				6D1766BF23C7556900AFE933 /* BlogsScreen.swift in Sources */,
				6D1766D423C7783A00AFE933 /* String+Extension.swift in Sources */,
				6D1766CC23C75FE700AFE933 /* Date+Extension.swift in Sources */,
			);
			runOnlyForDeploymentPostprocessing = 0;
		};
/* End PBXSourcesBuildPhase section */

/* Begin PBXVariantGroup section */
		6D1766AC23C754A700AFE933 /* Main.storyboard */ = {
			isa = PBXVariantGroup;
			children = (
				6D1766AD23C754A700AFE933 /* Base */,
			);
			name = Main.storyboard;
			sourceTree = "<group>";
		};
		6D1766B123C754B000AFE933 /* LaunchScreen.storyboard */ = {
			isa = PBXVariantGroup;
			children = (
				6D1766B223C754B000AFE933 /* Base */,
			);
			name = LaunchScreen.storyboard;
			sourceTree = "<group>";
		};
/* End PBXVariantGroup section */

/* Begin XCBuildConfiguration section */
		6D1766B523C754B000AFE933 /* Debug */ = {
			isa = XCBuildConfiguration;
			buildSettings = {
				ALWAYS_SEARCH_USER_PATHS = NO;
				CLANG_ANALYZER_NONNULL = YES;
				CLANG_ANALYZER_NUMBER_OBJECT_CONVERSION = YES_AGGRESSIVE;
				CLANG_CXX_LANGUAGE_STANDARD = "gnu++14";
				CLANG_CXX_LIBRARY = "libc++";
				CLANG_ENABLE_MODULES = YES;
				CLANG_ENABLE_OBJC_ARC = YES;
				CLANG_ENABLE_OBJC_WEAK = YES;
				CLANG_WARN_BLOCK_CAPTURE_AUTORELEASING = YES;
				CLANG_WARN_BOOL_CONVERSION = YES;
				CLANG_WARN_COMMA = YES;
				CLANG_WARN_CONSTANT_CONVERSION = YES;
				CLANG_WARN_DEPRECATED_OBJC_IMPLEMENTATIONS = YES;
				CLANG_WARN_DIRECT_OBJC_ISA_USAGE = YES_ERROR;
				CLANG_WARN_DOCUMENTATION_COMMENTS = YES;
				CLANG_WARN_EMPTY_BODY = YES;
				CLANG_WARN_ENUM_CONVERSION = YES;
				CLANG_WARN_INFINITE_RECURSION = YES;
				CLANG_WARN_INT_CONVERSION = YES;
				CLANG_WARN_NON_LITERAL_NULL_CONVERSION = YES;
				CLANG_WARN_OBJC_IMPLICIT_RETAIN_SELF = YES;
				CLANG_WARN_OBJC_LITERAL_CONVERSION = YES;
				CLANG_WARN_OBJC_ROOT_CLASS = YES_ERROR;
				CLANG_WARN_RANGE_LOOP_ANALYSIS = YES;
				CLANG_WARN_STRICT_PROTOTYPES = YES;
				CLANG_WARN_SUSPICIOUS_MOVE = YES;
				CLANG_WARN_UNGUARDED_AVAILABILITY = YES_AGGRESSIVE;
				CLANG_WARN_UNREACHABLE_CODE = YES;
				CLANG_WARN__DUPLICATE_METHOD_MATCH = YES;
				COPY_PHASE_STRIP = NO;
				DEBUG_INFORMATION_FORMAT = dwarf;
				ENABLE_STRICT_OBJC_MSGSEND = YES;
				ENABLE_TESTABILITY = YES;
				GCC_C_LANGUAGE_STANDARD = gnu11;
				GCC_DYNAMIC_NO_PIC = NO;
				GCC_NO_COMMON_BLOCKS = YES;
				GCC_OPTIMIZATION_LEVEL = 0;
				GCC_PREPROCESSOR_DEFINITIONS = (
					"DEBUG=1",
					"$(inherited)",
				);
				GCC_WARN_64_TO_32_BIT_CONVERSION = YES;
				GCC_WARN_ABOUT_RETURN_TYPE = YES_ERROR;
				GCC_WARN_UNDECLARED_SELECTOR = YES;
				GCC_WARN_UNINITIALIZED_AUTOS = YES_AGGRESSIVE;
				GCC_WARN_UNUSED_FUNCTION = YES;
				GCC_WARN_UNUSED_VARIABLE = YES;
				IPHONEOS_DEPLOYMENT_TARGET = 13.2;
				MTL_ENABLE_DEBUG_INFO = INCLUDE_SOURCE;
				MTL_FAST_MATH = YES;
				ONLY_ACTIVE_ARCH = YES;
				SDKROOT = iphoneos;
				SWIFT_ACTIVE_COMPILATION_CONDITIONS = DEBUG;
				SWIFT_OPTIMIZATION_LEVEL = "-Onone";
			};
			name = Debug;
		};
		6D1766B623C754B000AFE933 /* Release */ = {
			isa = XCBuildConfiguration;
			buildSettings = {
				ALWAYS_SEARCH_USER_PATHS = NO;
				CLANG_ANALYZER_NONNULL = YES;
				CLANG_ANALYZER_NUMBER_OBJECT_CONVERSION = YES_AGGRESSIVE;
				CLANG_CXX_LANGUAGE_STANDARD = "gnu++14";
				CLANG_CXX_LIBRARY = "libc++";
				CLANG_ENABLE_MODULES = YES;
				CLANG_ENABLE_OBJC_ARC = YES;
				CLANG_ENABLE_OBJC_WEAK = YES;
				CLANG_WARN_BLOCK_CAPTURE_AUTORELEASING = YES;
				CLANG_WARN_BOOL_CONVERSION = YES;
				CLANG_WARN_COMMA = YES;
				CLANG_WARN_CONSTANT_CONVERSION = YES;
				CLANG_WARN_DEPRECATED_OBJC_IMPLEMENTATIONS = YES;
				CLANG_WARN_DIRECT_OBJC_ISA_USAGE = YES_ERROR;
				CLANG_WARN_DOCUMENTATION_COMMENTS = YES;
				CLANG_WARN_EMPTY_BODY = YES;
				CLANG_WARN_ENUM_CONVERSION = YES;
				CLANG_WARN_INFINITE_RECURSION = YES;
				CLANG_WARN_INT_CONVERSION = YES;
				CLANG_WARN_NON_LITERAL_NULL_CONVERSION = YES;
				CLANG_WARN_OBJC_IMPLICIT_RETAIN_SELF = YES;
				CLANG_WARN_OBJC_LITERAL_CONVERSION = YES;
				CLANG_WARN_OBJC_ROOT_CLASS = YES_ERROR;
				CLANG_WARN_RANGE_LOOP_ANALYSIS = YES;
				CLANG_WARN_STRICT_PROTOTYPES = YES;
				CLANG_WARN_SUSPICIOUS_MOVE = YES;
				CLANG_WARN_UNGUARDED_AVAILABILITY = YES_AGGRESSIVE;
				CLANG_WARN_UNREACHABLE_CODE = YES;
				CLANG_WARN__DUPLICATE_METHOD_MATCH = YES;
				COPY_PHASE_STRIP = NO;
				DEBUG_INFORMATION_FORMAT = "dwarf-with-dsym";
				ENABLE_NS_ASSERTIONS = NO;
				ENABLE_STRICT_OBJC_MSGSEND = YES;
				GCC_C_LANGUAGE_STANDARD = gnu11;
				GCC_NO_COMMON_BLOCKS = YES;
				GCC_WARN_64_TO_32_BIT_CONVERSION = YES;
				GCC_WARN_ABOUT_RETURN_TYPE = YES_ERROR;
				GCC_WARN_UNDECLARED_SELECTOR = YES;
				GCC_WARN_UNINITIALIZED_AUTOS = YES_AGGRESSIVE;
				GCC_WARN_UNUSED_FUNCTION = YES;
				GCC_WARN_UNUSED_VARIABLE = YES;
				IPHONEOS_DEPLOYMENT_TARGET = 13.2;
				MTL_ENABLE_DEBUG_INFO = NO;
				MTL_FAST_MATH = YES;
				SDKROOT = iphoneos;
				SWIFT_COMPILATION_MODE = wholemodule;
				SWIFT_OPTIMIZATION_LEVEL = "-O";
				VALIDATE_PRODUCT = YES;
			};
			name = Release;
		};
		6D1766B823C754B000AFE933 /* Debug */ = {
			isa = XCBuildConfiguration;
			buildSettings = {
				ASSETCATALOG_COMPILER_APPICON_NAME = AppIcon;
				CODE_SIGN_STYLE = Automatic;
				DEVELOPMENT_TEAM = RXDLA8Y5J4;
				INFOPLIST_FILE = Hackaday_App/Info.plist;
				LD_RUNPATH_SEARCH_PATHS = (
					"$(inherited)",
					"@executable_path/Frameworks",
				);
				PRODUCT_BUNDLE_IDENTIFIER = "us.g6.testapp.Hackaday-App";
				PRODUCT_NAME = "$(TARGET_NAME)";
				SWIFT_VERSION = 5.0;
				TARGETED_DEVICE_FAMILY = "1,2";
			};
			name = Debug;
		};
		6D1766B923C754B000AFE933 /* Release */ = {
			isa = XCBuildConfiguration;
			buildSettings = {
				ASSETCATALOG_COMPILER_APPICON_NAME = AppIcon;
				CODE_SIGN_STYLE = Automatic;
				DEVELOPMENT_TEAM = RXDLA8Y5J4;
				INFOPLIST_FILE = Hackaday_App/Info.plist;
				LD_RUNPATH_SEARCH_PATHS = (
					"$(inherited)",
					"@executable_path/Frameworks",
				);
				PRODUCT_BUNDLE_IDENTIFIER = "us.g6.testapp.Hackaday-App";
				PRODUCT_NAME = "$(TARGET_NAME)";
				SWIFT_VERSION = 5.0;
				TARGETED_DEVICE_FAMILY = "1,2";
			};
			name = Release;
		};
/* End XCBuildConfiguration section */

/* Begin XCConfigurationList section */
		6D17669E23C754A700AFE933 /* Build configuration list for PBXProject "Hackaday_App" */ = {
			isa = XCConfigurationList;
			buildConfigurations = (
				6D1766B523C754B000AFE933 /* Debug */,
				6D1766B623C754B000AFE933 /* Release */,
			);
			defaultConfigurationIsVisible = 0;
			defaultConfigurationName = Release;
		};
		6D1766B723C754B000AFE933 /* Build configuration list for PBXNativeTarget "Hackaday_App" */ = {
			isa = XCConfigurationList;
			buildConfigurations = (
				6D1766B823C754B000AFE933 /* Debug */,
				6D1766B923C754B000AFE933 /* Release */,
			);
			defaultConfigurationIsVisible = 0;
			defaultConfigurationName = Release;
		};
/* End XCConfigurationList section */

/* Begin XCRemoteSwiftPackageReference section */
		6D1766CD23C76EC400AFE933 /* XCRemoteSwiftPackageReference "MBProgressHUD" */ = {
			isa = XCRemoteSwiftPackageReference;
			repositoryURL = "https://github.com/jdg/MBProgressHUD.git";
			requirement = {
				branch = master;
				kind = branch;
			};
		};
		6D1766D023C76FD900AFE933 /* XCRemoteSwiftPackageReference "SDWebImage" */ = {
			isa = XCRemoteSwiftPackageReference;
			repositoryURL = "https://github.com/SDWebImage/SDWebImage.git";
			requirement = {
				branch = master;
				kind = branch;
			};
		};
/* End XCRemoteSwiftPackageReference section */

/* Begin XCSwiftPackageProductDependency section */
		6D1766CE23C76EC400AFE933 /* MBProgressHUD */ = {
			isa = XCSwiftPackageProductDependency;
			package = 6D1766CD23C76EC400AFE933 /* XCRemoteSwiftPackageReference "MBProgressHUD" */;
			productName = MBProgressHUD;
		};
		6D1766D123C76FD900AFE933 /* SDWebImage */ = {
			isa = XCSwiftPackageProductDependency;
			package = 6D1766D023C76FD900AFE933 /* XCRemoteSwiftPackageReference "SDWebImage" */;
			productName = SDWebImage;
		};
/* End XCSwiftPackageProductDependency section */
	};
	rootObject = 6D17669B23C754A700AFE933 /* Project object */;
}
